
Microsoft Visual Studio Solution File, Format Version 12.00
# Visual Studio Version 16
VisualStudioVersion = 16.0.30204.135
MinimumVisualStudioVersion = 10.0.40219.1
Project("{FAE04EC0-301F-11D3-BF4B-00C04F79EFBC}") = "BTLON", "BTLON\BTLON.csproj", "{84CE4E36-410B-4EEC-836F-3AA378697B30}"
EndProject
Global
	GlobalSection(SolutionConfigurationPlatforms) = preSolution
		Debug|Any CPU = Debug|Any CPU
		Release|Any CPU = Release|Any CPU
	EndGlobalSection
	GlobalSection(ProjectConfigurationPlatforms) = postSolution
		{84CE4E36-410B-4EEC-836F-3AA378697B30}.Debug|Any CPU.ActiveCfg = Debug|Any CPU
		{84CE4E36-410B-4EEC-836F-3AA378697B30}.Debug|Any CPU.Build.0 = Debug|Any CPU
		{84CE4E36-410B-4EEC-836F-3AA378697B30}.Release|Any CPU.ActiveCfg = Release|Any CPU
		{84CE4E36-410B-4EEC-836F-3AA378697B30}.Release|Any CPU.Build.0 = Release|Any CPU
	EndGlobalSection
	GlobalSection(SolutionProperties) = preSolution
		HideSolutionNode = FALSE
	EndGlobalSection
	GlobalSection(ExtensibilityGlobals) = postSolution
		SolutionGuid = {3FE70A36-677B-437C-934E-10B5C069C8ED}
	EndGlobalSection
EndGlobal
